
Microsoft Visual Studio Solution File, Format Version 12.00
# Visual Studio Version 16
VisualStudioVersion = 16.0.30204.135
MinimumVisualStudioVersion = 10.0.40219.1
Project("{FAE04EC0-301F-11D3-BF4B-00C04F79EFBC}") = "001-DataAccessLayer", "001-DataAccessLayer\001-DataAccessLayer.csproj", "{5440F538-FA7A-471E-BF01-8F07FC6355F0}"
EndProject
Project("{FAE04EC0-301F-11D3-BF4B-00C04F79EFBC}") = "002-BusinessLogicLayer", "002-BusinessLogicLayer\002-BusinessLogicLayer.csproj", "{4589EF7D-4878-47A2-9EE2-B83BC5EE814E}"
EndProject
Project("{FAE04EC0-301F-11D3-BF4B-00C04F79EFBC}") = "003-WebAPI", "003-WebAPI\003-WebAPI.csproj", "{89B689B7-E999-42B4-B1AD-5566592A34B2}"
EndProject
Global
	GlobalSection(SolutionConfigurationPlatforms) = preSolution
		Debug|Any CPU = Debug|Any CPU
		Release|Any CPU = Release|Any CPU
	EndGlobalSection
	GlobalSection(ProjectConfigurationPlatforms) = postSolution
		{5440F538-FA7A-471E-BF01-8F07FC6355F0}.Debug|Any CPU.ActiveCfg = Debug|Any CPU
		{5440F538-FA7A-471E-BF01-8F07FC6355F0}.Debug|Any CPU.Build.0 = Debug|Any CPU
		{5440F538-FA7A-471E-BF01-8F07FC6355F0}.Release|Any CPU.ActiveCfg = Release|Any CPU
		{5440F538-FA7A-471E-BF01-8F07FC6355F0}.Release|Any CPU.Build.0 = Release|Any CPU
		{4589EF7D-4878-47A2-9EE2-B83BC5EE814E}.Debug|Any CPU.ActiveCfg = Debug|Any CPU
		{4589EF7D-4878-47A2-9EE2-B83BC5EE814E}.Debug|Any CPU.Build.0 = Debug|Any CPU
		{4589EF7D-4878-47A2-9EE2-B83BC5EE814E}.Release|Any CPU.ActiveCfg = Release|Any CPU
		{4589EF7D-4878-47A2-9EE2-B83BC5EE814E}.Release|Any CPU.Build.0 = Release|Any CPU
		{89B689B7-E999-42B4-B1AD-5566592A34B2}.Debug|Any CPU.ActiveCfg = Debug|Any CPU
		{89B689B7-E999-42B4-B1AD-5566592A34B2}.Debug|Any CPU.Build.0 = Debug|Any CPU
		{89B689B7-E999-42B4-B1AD-5566592A34B2}.Release|Any CPU.ActiveCfg = Release|Any CPU
		{89B689B7-E999-42B4-B1AD-5566592A34B2}.Release|Any CPU.Build.0 = Release|Any CPU
	EndGlobalSection
	GlobalSection(SolutionProperties) = preSolution
		HideSolutionNode = FALSE
	EndGlobalSection
	GlobalSection(ExtensibilityGlobals) = postSolution
		SolutionGuid = {94A14FA7-03FB-4536-9943-2976B681175D}
	EndGlobalSection
EndGlobal
